
Microsoft Visual Studio Solution File, Format Version 12.00
# Visual Studio Version 17
VisualStudioVersion = 17.1.32414.318
MinimumVisualStudioVersion = 10.0.40219.1
Project("{9A19103F-16F7-4668-BE54-9A1E7A4F7556}") = "ReversePassword", "ReversePassword\ReversePassword.csproj", "{634A7D5A-C22B-4A76-BDB7-BBF635DDFE86}"
EndProject
Project("{8BC9CEB8-8B4A-11D0-8D11-00A0C91BC942}") = "CredUITester", "CredUITester\CredUITester.vcxproj", "{B850110A-760A-4F5F-9119-0B54EE951F79}"
EndProject
Global
	GlobalSection(SolutionConfigurationPlatforms) = preSolution
		Debug|Any CPU = Debug|Any CPU
		Release|Any CPU = Release|Any CPU
	EndGlobalSection
	GlobalSection(ProjectConfigurationPlatforms) = postSolution
		{634A7D5A-C22B-4A76-BDB7-BBF635DDFE86}.Debug|Any CPU.ActiveCfg = Debug|Any CPU
		{634A7D5A-C22B-4A76-BDB7-BBF635DDFE86}.Debug|Any CPU.Build.0 = Debug|Any CPU
		{634A7D5A-C22B-4A76-BDB7-BBF635DDFE86}.Release|Any CPU.ActiveCfg = Release|Any CPU
		{634A7D5A-C22B-4A76-BDB7-BBF635DDFE86}.Release|Any CPU.Build.0 = Release|Any CPU
		{B850110A-760A-4F5F-9119-0B54EE951F79}.Debug|Any CPU.ActiveCfg = Debug|x64
		{B850110A-760A-4F5F-9119-0B54EE951F79}.Debug|Any CPU.Build.0 = Debug|x64
		{B850110A-760A-4F5F-9119-0B54EE951F79}.Release|Any CPU.ActiveCfg = Release|x64
		{B850110A-760A-4F5F-9119-0B54EE951F79}.Release|Any CPU.Build.0 = Release|x64
	EndGlobalSection
	GlobalSection(SolutionProperties) = preSolution
		HideSolutionNode = FALSE
	EndGlobalSection
	GlobalSection(ExtensibilityGlobals) = postSolution
		SolutionGuid = {3ACAD512-3DFE-4263-A1CC-41F8F0D78209}
	EndGlobalSection
EndGlobal
