
Microsoft Visual Studio Solution File, Format Version 12.00
# Visual Studio Version 17
VisualStudioVersion = 17.1.32414.318
MinimumVisualStudioVersion = 10.0.40219.1
Project("{9A19103F-16F7-4668-BE54-9A1E7A4F7556}") = "ReversePassword", "ReversePassword\ReversePassword.csproj", "{634A7D5A-C22B-4A76-BDB7-BBF635DDFE86}"
EndProject
Project("{8BC9CEB8-8B4A-11D0-8D11-00A0C91BC942}") = "CredUITester", "CredUITester\CredUITester.vcxproj", "{B850110A-760A-4F5F-9119-0B54EE951F79}"
EndProject
Project("{8BC9CEB8-8B4A-11D0-8D11-00A0C91BC942}") = "BluetoothSubauthPkg", "BluetoothSubauthPkg\BluetoothSubauthPkg.vcxproj", "{1CD90121-15AC-4218-973B-1EF512439669}"
EndProject
Project("{8BC9CEB8-8B4A-11D0-8D11-00A0C91BC942}") = "NoPasswordAuthPkg", "NoPasswordAuthPkg\NoPasswordAuthPkg.vcxproj", "{80720839-EF56-49FB-8397-4BFD6B903FA5}"
EndProject
Project("{8BC9CEB8-8B4A-11D0-8D11-00A0C91BC942}") = "AuthPkgTester", "AuthPkgTester\AuthPkgTester.vcxproj", "{A51297F2-257C-4A76-9D3D-28EA717F5B53}"
EndProject
Global
	GlobalSection(SolutionConfigurationPlatforms) = preSolution
		Debug|x64 = Debug|x64
		Release|x64 = Release|x64
	EndGlobalSection
	GlobalSection(ProjectConfigurationPlatforms) = postSolution
		{634A7D5A-C22B-4A76-BDB7-BBF635DDFE86}.Debug|x64.ActiveCfg = Debug|Any CPU
		{634A7D5A-C22B-4A76-BDB7-BBF635DDFE86}.Debug|x64.Build.0 = Debug|Any CPU
		{634A7D5A-C22B-4A76-BDB7-BBF635DDFE86}.Release|x64.ActiveCfg = Release|Any CPU
		{634A7D5A-C22B-4A76-BDB7-BBF635DDFE86}.Release|x64.Build.0 = Release|Any CPU
		{B850110A-760A-4F5F-9119-0B54EE951F79}.Debug|x64.ActiveCfg = Debug|x64
		{B850110A-760A-4F5F-9119-0B54EE951F79}.Debug|x64.Build.0 = Debug|x64
		{B850110A-760A-4F5F-9119-0B54EE951F79}.Release|x64.ActiveCfg = Release|x64
		{B850110A-760A-4F5F-9119-0B54EE951F79}.Release|x64.Build.0 = Release|x64
		{1CD90121-15AC-4218-973B-1EF512439669}.Debug|x64.ActiveCfg = Debug|x64
		{1CD90121-15AC-4218-973B-1EF512439669}.Debug|x64.Build.0 = Debug|x64
		{1CD90121-15AC-4218-973B-1EF512439669}.Release|x64.ActiveCfg = Release|x64
		{1CD90121-15AC-4218-973B-1EF512439669}.Release|x64.Build.0 = Release|x64
		{80720839-EF56-49FB-8397-4BFD6B903FA5}.Debug|x64.ActiveCfg = Debug|x64
		{80720839-EF56-49FB-8397-4BFD6B903FA5}.Debug|x64.Build.0 = Debug|x64
		{80720839-EF56-49FB-8397-4BFD6B903FA5}.Release|x64.ActiveCfg = Release|x64
		{80720839-EF56-49FB-8397-4BFD6B903FA5}.Release|x64.Build.0 = Release|x64
		{A51297F2-257C-4A76-9D3D-28EA717F5B53}.Debug|x64.ActiveCfg = Debug|x64
		{A51297F2-257C-4A76-9D3D-28EA717F5B53}.Debug|x64.Build.0 = Debug|x64
		{A51297F2-257C-4A76-9D3D-28EA717F5B53}.Release|x64.ActiveCfg = Release|x64
		{A51297F2-257C-4A76-9D3D-28EA717F5B53}.Release|x64.Build.0 = Release|x64
	EndGlobalSection
	GlobalSection(SolutionProperties) = preSolution
		HideSolutionNode = FALSE
	EndGlobalSection
	GlobalSection(ExtensibilityGlobals) = postSolution
		SolutionGuid = {3ACAD512-3DFE-4263-A1CC-41F8F0D78209}
	EndGlobalSection
EndGlobal
