<?xml version="1.0" encoding="utf-8"?>
<Project ToolsVersion="4.0" xmlns="http://schemas.microsoft.com/developer/msbuild/2003">
  <ItemGroup>
    <ClInclude Include="resource.h" />
  </ItemGroup>
  <ItemGroup>
    <None Include="README.md" />
    <None Include="install.reg" />
    <None Include="uninstall.reg" />
    <None Include="REGISTER_ReversePassword.bat" />
    <None Include="UNREGISTER_ReversePassword.bat" />
    <None Include="ReversePassword.rgs" />
    <None Include="module.def" />
  </ItemGroup>
  <ItemGroup>
    <ClCompile Include="ReversePassword.cpp" />
  </ItemGroup>
  <ItemGroup>
    <ResourceCompile Include="ReversePassword.rc" />
  </ItemGroup>
</Project>