<?xml version="1.0" encoding="utf-8"?>
<Project ToolsVersion="4.0" xmlns="http://schemas.microsoft.com/developer/msbuild/2003">
  <ItemGroup>
    <ClInclude Include="resource.h" />
    <ClInclude Include="ReversePasswordCredProv.hpp" />
    <ClInclude Include="Credential.hpp" />
    <ClInclude Include="CredentialProvider.hpp" />
  </ItemGroup>
  <ItemGroup>
    <None Include="README.md" />
    <None Include="REGISTER_ReversePasswordCredProv.bat" />
    <None Include="UNREGISTER_ReversePasswordCredProv.bat" />
    <None Include="ReversePasswordCredProv.rgs" />
  </ItemGroup>
  <ItemGroup>
    <ClCompile Include="Main.cpp" />
    <ClCompile Include="Credential.cpp" />
    <ClCompile Include="CredentialProvider.cpp" />
  </ItemGroup>
  <ItemGroup>
    <ResourceCompile Include="ReversePasswordCredProv.rc" />
  </ItemGroup>
</Project>